// !$*UTF8*$!
{
	archiveVersion = 1;
	classes = {
	};
	objectVersion = 50;
	objects = {

/* Begin PBXBuildFile section */
		7918014425A7FECB00CACF80 /* displayplacer in CopyFiles */ = {isa = PBXBuildFile; fileRef = 7918014325A7FECA00CACF80 /* displayplacer */; settings = {ATTRIBUTES = (CodeSignOnCopy, ); }; };
		7968E7C225A4573C00F493E5 /* AppDelegate.swift in Sources */ = {isa = PBXBuildFile; fileRef = 7968E7C125A4573C00F493E5 /* AppDelegate.swift */; };
		7968E7C425A4573C00F493E5 /* PreferencesViewController.swift in Sources */ = {isa = PBXBuildFile; fileRef = 7968E7C325A4573C00F493E5 /* PreferencesViewController.swift */; };
		7968E7C625A4573C00F493E5 /* Assets.xcassets in Resources */ = {isa = PBXBuildFile; fileRef = 7968E7C525A4573C00F493E5 /* Assets.xcassets */; };
		7968E7C925A4573C00F493E5 /* Main.storyboard in Resources */ = {isa = PBXBuildFile; fileRef = 7968E7C725A4573C00F493E5 /* Main.storyboard */; };
/* End PBXBuildFile section */

/* Begin PBXCopyFilesBuildPhase section */
		7918012A25A7F94700CACF80 /* CopyFiles */ = {
			isa = PBXCopyFilesBuildPhase;
			buildActionMask = 2147483647;
			dstPath = "";
			dstSubfolderSpec = 6;
			files = (
				7918014425A7FECB00CACF80 /* displayplacer in CopyFiles */,
			);
			runOnlyForDeploymentPostprocessing = 0;
		};
/* End PBXCopyFilesBuildPhase section */

/* Begin PBXFileReference section */
		7918014325A7FECA00CACF80 /* displayplacer */ = {isa = PBXFileReference; lastKnownFileType = "compiled.mach-o.executable"; name = displayplacer; path = bin/displayplacer; sourceTree = "<group>"; };
		7968E7BE25A4573C00F493E5 /* AutoDisplayPlacer.app */ = {isa = PBXFileReference; explicitFileType = wrapper.application; includeInIndex = 0; path = AutoDisplayPlacer.app; sourceTree = BUILT_PRODUCTS_DIR; };
		7968E7C125A4573C00F493E5 /* AppDelegate.swift */ = {isa = PBXFileReference; lastKnownFileType = sourcecode.swift; path = AppDelegate.swift; sourceTree = "<group>"; };
		7968E7C325A4573C00F493E5 /* PreferencesViewController.swift */ = {isa = PBXFileReference; lastKnownFileType = sourcecode.swift; path = PreferencesViewController.swift; sourceTree = "<group>"; };
		7968E7C525A4573C00F493E5 /* Assets.xcassets */ = {isa = PBXFileReference; lastKnownFileType = folder.assetcatalog; path = Assets.xcassets; sourceTree = "<group>"; };
		7968E7C825A4573C00F493E5 /* Base */ = {isa = PBXFileReference; lastKnownFileType = file.storyboard; name = Base; path = Base.lproj/Main.storyboard; sourceTree = "<group>"; };
		7968E7CA25A4573C00F493E5 /* Info.plist */ = {isa = PBXFileReference; lastKnownFileType = text.plist.xml; path = Info.plist; sourceTree = "<group>"; };
		7968E7CB25A4573C00F493E5 /* autodisplayplacer.entitlements */ = {isa = PBXFileReference; lastKnownFileType = text.plist.entitlements; path = autodisplayplacer.entitlements; sourceTree = "<group>"; };
/* End PBXFileReference section */

/* Begin PBXFrameworksBuildPhase section */
		7968E7BB25A4573C00F493E5 /* Frameworks */ = {
			isa = PBXFrameworksBuildPhase;
			buildActionMask = 2147483647;
			files = (
			);
			runOnlyForDeploymentPostprocessing = 0;
		};
/* End PBXFrameworksBuildPhase section */

/* Begin PBXGroup section */
		7918012325A7F86E00CACF80 /* Frameworks */ = {
			isa = PBXGroup;
			children = (
			);
			name = Frameworks;
			sourceTree = "<group>";
		};
		7918014225A7FE9000CACF80 /* Embedded Binaries */ = {
			isa = PBXGroup;
			children = (
				7918014325A7FECA00CACF80 /* displayplacer */,
			);
			name = "Embedded Binaries";
			sourceTree = "<group>";
		};
		7968E7B525A4573C00F493E5 = {
			isa = PBXGroup;
			children = (
				7918014225A7FE9000CACF80 /* Embedded Binaries */,
				7968E7C025A4573C00F493E5 /* autodisplayplacer */,
				7968E7BF25A4573C00F493E5 /* Products */,
				7918012325A7F86E00CACF80 /* Frameworks */,
			);
			sourceTree = "<group>";
		};
		7968E7BF25A4573C00F493E5 /* Products */ = {
			isa = PBXGroup;
			children = (
				7968E7BE25A4573C00F493E5 /* AutoDisplayPlacer.app */,
			);
			name = Products;
			sourceTree = "<group>";
		};
		7968E7C025A4573C00F493E5 /* autodisplayplacer */ = {
			isa = PBXGroup;
			children = (
				7968E7C125A4573C00F493E5 /* AppDelegate.swift */,
				7968E7C325A4573C00F493E5 /* PreferencesViewController.swift */,
				7968E7C525A4573C00F493E5 /* Assets.xcassets */,
				7968E7C725A4573C00F493E5 /* Main.storyboard */,
				7968E7CA25A4573C00F493E5 /* Info.plist */,
				7968E7CB25A4573C00F493E5 /* autodisplayplacer.entitlements */,
			);
			path = autodisplayplacer;
			sourceTree = "<group>";
		};
/* End PBXGroup section */

/* Begin PBXNativeTarget section */
		7968E7BD25A4573C00F493E5 /* autodisplayplacer */ = {
			isa = PBXNativeTarget;
			buildConfigurationList = 7968E7CE25A4573C00F493E5 /* Build configuration list for PBXNativeTarget "autodisplayplacer" */;
			buildPhases = (
				7968E7BA25A4573C00F493E5 /* Sources */,
				7968E7BB25A4573C00F493E5 /* Frameworks */,
				7968E7BC25A4573C00F493E5 /* Resources */,
				7918012A25A7F94700CACF80 /* CopyFiles */,
			);
			buildRules = (
			);
			dependencies = (
			);
			name = autodisplayplacer;
			productName = autodisplayplacer;
			productReference = 7968E7BE25A4573C00F493E5 /* AutoDisplayPlacer.app */;
			productType = "com.apple.product-type.application";
		};
/* End PBXNativeTarget section */

/* Begin PBXProject section */
		7968E7B625A4573C00F493E5 /* Project object */ = {
			isa = PBXProject;
			attributes = {
				LastSwiftUpdateCheck = 1230;
				LastUpgradeCheck = 1230;
				TargetAttributes = {
					7968E7BD25A4573C00F493E5 = {
						CreatedOnToolsVersion = 12.3;
					};
				};
			};
			buildConfigurationList = 7968E7B925A4573C00F493E5 /* Build configuration list for PBXProject "autodisplayplacer" */;
			compatibilityVersion = "Xcode 9.3";
			developmentRegion = en;
			hasScannedForEncodings = 0;
			knownRegions = (
				en,
				Base,
			);
			mainGroup = 7968E7B525A4573C00F493E5;
			productRefGroup = 7968E7BF25A4573C00F493E5 /* Products */;
			projectDirPath = "";
			projectRoot = "";
			targets = (
				7968E7BD25A4573C00F493E5 /* autodisplayplacer */,
			);
		};
/* End PBXProject section */

/* Begin PBXResourcesBuildPhase section */
		7968E7BC25A4573C00F493E5 /* Resources */ = {
			isa = PBXResourcesBuildPhase;
			buildActionMask = 2147483647;
			files = (
				7968E7C625A4573C00F493E5 /* Assets.xcassets in Resources */,
				7968E7C925A4573C00F493E5 /* Main.storyboard in Resources */,
			);
			runOnlyForDeploymentPostprocessing = 0;
		};
/* End PBXResourcesBuildPhase section */

/* Begin PBXSourcesBuildPhase section */
		7968E7BA25A4573C00F493E5 /* Sources */ = {
			isa = PBXSourcesBuildPhase;
			buildActionMask = 2147483647;
			files = (
				7968E7C425A4573C00F493E5 /* PreferencesViewController.swift in Sources */,
				7968E7C225A4573C00F493E5 /* AppDelegate.swift in Sources */,
			);
			runOnlyForDeploymentPostprocessing = 0;
		};
/* End PBXSourcesBuildPhase section */

/* Begin PBXVariantGroup section */
		7968E7C725A4573C00F493E5 /* Main.storyboard */ = {
			isa = PBXVariantGroup;
			children = (
				7968E7C825A4573C00F493E5 /* Base */,
			);
			name = Main.storyboard;
			sourceTree = "<group>";
		};
/* End PBXVariantGroup section */

/* Begin XCBuildConfiguration section */
		7968E7CC25A4573C00F493E5 /* Debug */ = {
			isa = XCBuildConfiguration;
			buildSettings = {
				ALWAYS_SEARCH_USER_PATHS = NO;
				CLANG_ANALYZER_NONNULL = YES;
				CLANG_ANALYZER_NUMBER_OBJECT_CONVERSION = YES_AGGRESSIVE;
				CLANG_CXX_LANGUAGE_STANDARD = "gnu++14";
				CLANG_CXX_LIBRARY = "libc++";
				CLANG_ENABLE_MODULES = YES;
				CLANG_ENABLE_OBJC_ARC = YES;
				CLANG_ENABLE_OBJC_WEAK = YES;
				CLANG_WARN_BLOCK_CAPTURE_AUTORELEASING = YES;
				CLANG_WARN_BOOL_CONVERSION = YES;
				CLANG_WARN_COMMA = YES;
				CLANG_WARN_CONSTANT_CONVERSION = YES;
				CLANG_WARN_DEPRECATED_OBJC_IMPLEMENTATIONS = YES;
				CLANG_WARN_DIRECT_OBJC_ISA_USAGE = YES_ERROR;
				CLANG_WARN_DOCUMENTATION_COMMENTS = YES;
				CLANG_WARN_EMPTY_BODY = YES;
				CLANG_WARN_ENUM_CONVERSION = YES;
				CLANG_WARN_INFINITE_RECURSION = YES;
				CLANG_WARN_INT_CONVERSION = YES;
				CLANG_WARN_NON_LITERAL_NULL_CONVERSION = YES;
				CLANG_WARN_OBJC_IMPLICIT_RETAIN_SELF = YES;
				CLANG_WARN_OBJC_LITERAL_CONVERSION = YES;
				CLANG_WARN_OBJC_ROOT_CLASS = YES_ERROR;
				CLANG_WARN_QUOTED_INCLUDE_IN_FRAMEWORK_HEADER = YES;
				CLANG_WARN_RANGE_LOOP_ANALYSIS = YES;
				CLANG_WARN_STRICT_PROTOTYPES = YES;
				CLANG_WARN_SUSPICIOUS_MOVE = YES;
				CLANG_WARN_UNGUARDED_AVAILABILITY = YES_AGGRESSIVE;
				CLANG_WARN_UNREACHABLE_CODE = YES;
				CLANG_WARN__DUPLICATE_METHOD_MATCH = YES;
				COPY_PHASE_STRIP = NO;
				DEBUG_INFORMATION_FORMAT = dwarf;
				ENABLE_STRICT_OBJC_MSGSEND = YES;
				ENABLE_TESTABILITY = YES;
				GCC_C_LANGUAGE_STANDARD = gnu11;
				GCC_DYNAMIC_NO_PIC = NO;
				GCC_NO_COMMON_BLOCKS = YES;
				GCC_OPTIMIZATION_LEVEL = 0;
				GCC_PREPROCESSOR_DEFINITIONS = (
					"DEBUG=1",
					"$(inherited)",
				);
				GCC_WARN_64_TO_32_BIT_CONVERSION = YES;
				GCC_WARN_ABOUT_RETURN_TYPE = YES_ERROR;
				GCC_WARN_UNDECLARED_SELECTOR = YES;
				GCC_WARN_UNINITIALIZED_AUTOS = YES_AGGRESSIVE;
				GCC_WARN_UNUSED_FUNCTION = YES;
				GCC_WARN_UNUSED_VARIABLE = YES;
				MACOSX_DEPLOYMENT_TARGET = 10.15;
				MTL_ENABLE_DEBUG_INFO = INCLUDE_SOURCE;
				MTL_FAST_MATH = YES;
				ONLY_ACTIVE_ARCH = YES;
				SDKROOT = macosx;
				SWIFT_ACTIVE_COMPILATION_CONDITIONS = DEBUG;
				SWIFT_OPTIMIZATION_LEVEL = "-Onone";
			};
			name = Debug;
		};
		7968E7CD25A4573C00F493E5 /* Release */ = {
			isa = XCBuildConfiguration;
			buildSettings = {
				ALWAYS_SEARCH_USER_PATHS = NO;
				CLANG_ANALYZER_NONNULL = YES;
				CLANG_ANALYZER_NUMBER_OBJECT_CONVERSION = YES_AGGRESSIVE;
				CLANG_CXX_LANGUAGE_STANDARD = "gnu++14";
				CLANG_CXX_LIBRARY = "libc++";
				CLANG_ENABLE_MODULES = YES;
				CLANG_ENABLE_OBJC_ARC = YES;
				CLANG_ENABLE_OBJC_WEAK = YES;
				CLANG_WARN_BLOCK_CAPTURE_AUTORELEASING = YES;
				CLANG_WARN_BOOL_CONVERSION = YES;
				CLANG_WARN_COMMA = YES;
				CLANG_WARN_CONSTANT_CONVERSION = YES;
				CLANG_WARN_DEPRECATED_OBJC_IMPLEMENTATIONS = YES;
				CLANG_WARN_DIRECT_OBJC_ISA_USAGE = YES_ERROR;
				CLANG_WARN_DOCUMENTATION_COMMENTS = YES;
				CLANG_WARN_EMPTY_BODY = YES;
				CLANG_WARN_ENUM_CONVERSION = YES;
				CLANG_WARN_INFINITE_RECURSION = YES;
				CLANG_WARN_INT_CONVERSION = YES;
				CLANG_WARN_NON_LITERAL_NULL_CONVERSION = YES;
				CLANG_WARN_OBJC_IMPLICIT_RETAIN_SELF = YES;
				CLANG_WARN_OBJC_LITERAL_CONVERSION = YES;
				CLANG_WARN_OBJC_ROOT_CLASS = YES_ERROR;
				CLANG_WARN_QUOTED_INCLUDE_IN_FRAMEWORK_HEADER = YES;
				CLANG_WARN_RANGE_LOOP_ANALYSIS = YES;
				CLANG_WARN_STRICT_PROTOTYPES = YES;
				CLANG_WARN_SUSPICIOUS_MOVE = YES;
				CLANG_WARN_UNGUARDED_AVAILABILITY = YES_AGGRESSIVE;
				CLANG_WARN_UNREACHABLE_CODE = YES;
				CLANG_WARN__DUPLICATE_METHOD_MATCH = YES;
				COPY_PHASE_STRIP = NO;
				DEBUG_INFORMATION_FORMAT = "dwarf-with-dsym";
				ENABLE_NS_ASSERTIONS = NO;
				ENABLE_STRICT_OBJC_MSGSEND = YES;
				GCC_C_LANGUAGE_STANDARD = gnu11;
				GCC_NO_COMMON_BLOCKS = YES;
				GCC_WARN_64_TO_32_BIT_CONVERSION = YES;
				GCC_WARN_ABOUT_RETURN_TYPE = YES_ERROR;
				GCC_WARN_UNDECLARED_SELECTOR = YES;
				GCC_WARN_UNINITIALIZED_AUTOS = YES_AGGRESSIVE;
				GCC_WARN_UNUSED_FUNCTION = YES;
				GCC_WARN_UNUSED_VARIABLE = YES;
				MACOSX_DEPLOYMENT_TARGET = 10.15;
				MTL_ENABLE_DEBUG_INFO = NO;
				MTL_FAST_MATH = YES;
				SDKROOT = macosx;
				SWIFT_COMPILATION_MODE = wholemodule;
				SWIFT_OPTIMIZATION_LEVEL = "-O";
			};
			name = Release;
		};
		7968E7CF25A4573C00F493E5 /* Debug */ = {
			isa = XCBuildConfiguration;
			buildSettings = {
				ASSETCATALOG_COMPILER_APPICON_NAME = AppIcon;
				ASSETCATALOG_COMPILER_GLOBAL_ACCENT_COLOR_NAME = AccentColor;
				CODE_SIGN_ENTITLEMENTS = autodisplayplacer/autodisplayplacer.entitlements;
				CODE_SIGN_STYLE = Automatic;
				COMBINE_HIDPI_IMAGES = YES;
				DEVELOPMENT_ASSET_PATHS = "";
				INFOPLIST_FILE = autodisplayplacer/Info.plist;
				LD_RUNPATH_SEARCH_PATHS = (
					"$(inherited)",
					"@executable_path/../Frameworks",
				);
				PRODUCT_BUNDLE_IDENTIFIER = alexman.autodisplayplacer;
				PRODUCT_NAME = AutoDisplayPlacer;
				SWIFT_VERSION = 5.0;
			};
			name = Debug;
		};
		7968E7D025A4573C00F493E5 /* Release */ = {
			isa = XCBuildConfiguration;
			buildSettings = {
				ASSETCATALOG_COMPILER_APPICON_NAME = AppIcon;
				ASSETCATALOG_COMPILER_GLOBAL_ACCENT_COLOR_NAME = AccentColor;
				CODE_SIGN_ENTITLEMENTS = autodisplayplacer/autodisplayplacer.entitlements;
				CODE_SIGN_STYLE = Automatic;
				COMBINE_HIDPI_IMAGES = YES;
				DEVELOPMENT_ASSET_PATHS = "";
				INFOPLIST_FILE = autodisplayplacer/Info.plist;
				LD_RUNPATH_SEARCH_PATHS = (
					"$(inherited)",
					"@executable_path/../Frameworks",
				);
				PRODUCT_BUNDLE_IDENTIFIER = alexman.autodisplayplacer;
				PRODUCT_NAME = AutoDisplayPlacer;
				SWIFT_VERSION = 5.0;
			};
			name = Release;
		};
/* End XCBuildConfiguration section */

/* Begin XCConfigurationList section */
		7968E7B925A4573C00F493E5 /* Build configuration list for PBXProject "autodisplayplacer" */ = {
			isa = XCConfigurationList;
			buildConfigurations = (
				7968E7CC25A4573C00F493E5 /* Debug */,
				7968E7CD25A4573C00F493E5 /* Release */,
			);
			defaultConfigurationIsVisible = 0;
			defaultConfigurationName = Release;
		};
		7968E7CE25A4573C00F493E5 /* Build configuration list for PBXNativeTarget "autodisplayplacer" */ = {
			isa = XCConfigurationList;
			buildConfigurations = (
				7968E7CF25A4573C00F493E5 /* Debug */,
				7968E7D025A4573C00F493E5 /* Release */,
			);
			defaultConfigurationIsVisible = 0;
			defaultConfigurationName = Release;
		};
/* End XCConfigurationList section */
	};
	rootObject = 7968E7B625A4573C00F493E5 /* Project object */;
}
